// !$*UTF8*$!
{
	archiveVersion = 1;
	classes = {
	};
	objectVersion = 55;
	objects = {

/* Begin PBXBuildFile section */
		2A43D4C7288904D400F85109 /* AppDelegate.swift in Sources */ = {isa = PBXBuildFile; fileRef = 2A43D4C6288904D400F85109 /* AppDelegate.swift */; };
		2A43D4C9288904D400F85109 /* SceneDelegate.swift in Sources */ = {isa = PBXBuildFile; fileRef = 2A43D4C8288904D400F85109 /* SceneDelegate.swift */; };
		2A43D4CB288904D400F85109 /* ViewController.swift in Sources */ = {isa = PBXBuildFile; fileRef = 2A43D4CA288904D400F85109 /* ViewController.swift */; };
		2A43D4CE288904D400F85109 /* Main.storyboard in Resources */ = {isa = PBXBuildFile; fileRef = 2A43D4CC288904D400F85109 /* Main.storyboard */; };
		2A43D4D0288904D700F85109 /* Assets.xcassets in Resources */ = {isa = PBXBuildFile; fileRef = 2A43D4CF288904D700F85109 /* Assets.xcassets */; };
		2A43D4D3288904D700F85109 /* LaunchScreen.storyboard in Resources */ = {isa = PBXBuildFile; fileRef = 2A43D4D1288904D700F85109 /* LaunchScreen.storyboard */; };
		2A43D4DE288904D700F85109 /* DYZBTests.swift in Sources */ = {isa = PBXBuildFile; fileRef = 2A43D4DD288904D700F85109 /* DYZBTests.swift */; };
		2A43D4E8288904D700F85109 /* DYZBUITests.swift in Sources */ = {isa = PBXBuildFile; fileRef = 2A43D4E7288904D700F85109 /* DYZBUITests.swift */; };
		2A43D4EA288904D700F85109 /* DYZBUITestsLaunchTests.swift in Sources */ = {isa = PBXBuildFile; fileRef = 2A43D4E9288904D700F85109 /* DYZBUITestsLaunchTests.swift */; };
/* End PBXBuildFile section */

/* Begin PBXContainerItemProxy section */
		2A43D4DA288904D700F85109 /* PBXContainerItemProxy */ = {
			isa = PBXContainerItemProxy;
			containerPortal = 2A43D4BB288904D400F85109 /* Project object */;
			proxyType = 1;
			remoteGlobalIDString = 2A43D4C2288904D400F85109;
			remoteInfo = DYZB;
		};
		2A43D4E4288904D700F85109 /* PBXContainerItemProxy */ = {
			isa = PBXContainerItemProxy;
			containerPortal = 2A43D4BB288904D400F85109 /* Project object */;
			proxyType = 1;
			remoteGlobalIDString = 2A43D4C2288904D400F85109;
			remoteInfo = DYZB;
		};
/* End PBXContainerItemProxy section */

/* Begin PBXFileReference section */
		2A43D4C3288904D400F85109 /* DYZB.app */ = {isa = PBXFileReference; explicitFileType = wrapper.application; includeInIndex = 0; path = DYZB.app; sourceTree = BUILT_PRODUCTS_DIR; };
		2A43D4C6288904D400F85109 /* AppDelegate.swift */ = {isa = PBXFileReference; lastKnownFileType = sourcecode.swift; path = AppDelegate.swift; sourceTree = "<group>"; };
		2A43D4C8288904D400F85109 /* SceneDelegate.swift */ = {isa = PBXFileReference; lastKnownFileType = sourcecode.swift; path = SceneDelegate.swift; sourceTree = "<group>"; };
		2A43D4CA288904D400F85109 /* ViewController.swift */ = {isa = PBXFileReference; lastKnownFileType = sourcecode.swift; path = ViewController.swift; sourceTree = "<group>"; };
		2A43D4CD288904D400F85109 /* Base */ = {isa = PBXFileReference; lastKnownFileType = file.storyboard; name = Base; path = Base.lproj/Main.storyboard; sourceTree = "<group>"; };
		2A43D4CF288904D700F85109 /* Assets.xcassets */ = {isa = PBXFileReference; lastKnownFileType = folder.assetcatalog; path = Assets.xcassets; sourceTree = "<group>"; };
		2A43D4D2288904D700F85109 /* Base */ = {isa = PBXFileReference; lastKnownFileType = file.storyboard; name = Base; path = Base.lproj/LaunchScreen.storyboard; sourceTree = "<group>"; };
		2A43D4D4288904D700F85109 /* Info.plist */ = {isa = PBXFileReference; lastKnownFileType = text.plist.xml; path = Info.plist; sourceTree = "<group>"; };
		2A43D4D9288904D700F85109 /* DYZBTests.xctest */ = {isa = PBXFileReference; explicitFileType = wrapper.cfbundle; includeInIndex = 0; path = DYZBTests.xctest; sourceTree = BUILT_PRODUCTS_DIR; };
		2A43D4DD288904D700F85109 /* DYZBTests.swift */ = {isa = PBXFileReference; lastKnownFileType = sourcecode.swift; path = DYZBTests.swift; sourceTree = "<group>"; };
		2A43D4E3288904D700F85109 /* DYZBUITests.xctest */ = {isa = PBXFileReference; explicitFileType = wrapper.cfbundle; includeInIndex = 0; path = DYZBUITests.xctest; sourceTree = BUILT_PRODUCTS_DIR; };
		2A43D4E7288904D700F85109 /* DYZBUITests.swift */ = {isa = PBXFileReference; lastKnownFileType = sourcecode.swift; path = DYZBUITests.swift; sourceTree = "<group>"; };
		2A43D4E9288904D700F85109 /* DYZBUITestsLaunchTests.swift */ = {isa = PBXFileReference; lastKnownFileType = sourcecode.swift; path = DYZBUITestsLaunchTests.swift; sourceTree = "<group>"; };
/* End PBXFileReference section */

/* Begin PBXFrameworksBuildPhase section */
		2A43D4C0288904D400F85109 /* Frameworks */ = {
			isa = PBXFrameworksBuildPhase;
			buildActionMask = 2147483647;
			files = (
			);
			runOnlyForDeploymentPostprocessing = 0;
		};
		2A43D4D6288904D700F85109 /* Frameworks */ = {
			isa = PBXFrameworksBuildPhase;
			buildActionMask = 2147483647;
			files = (
			);
			runOnlyForDeploymentPostprocessing = 0;
		};
		2A43D4E0288904D700F85109 /* Frameworks */ = {
			isa = PBXFrameworksBuildPhase;
			buildActionMask = 2147483647;
			files = (
			);
			runOnlyForDeploymentPostprocessing = 0;
		};
/* End PBXFrameworksBuildPhase section */

/* Begin PBXGroup section */
		2A43D4BA288904D400F85109 = {
			isa = PBXGroup;
			children = (
				2A43D4C5288904D400F85109 /* DYZB */,
				2A43D4DC288904D700F85109 /* DYZBTests */,
				2A43D4E6288904D700F85109 /* DYZBUITests */,
				2A43D4C4288904D400F85109 /* Products */,
			);
			sourceTree = "<group>";
		};
		2A43D4C4288904D400F85109 /* Products */ = {
			isa = PBXGroup;
			children = (
				2A43D4C3288904D400F85109 /* DYZB.app */,
				2A43D4D9288904D700F85109 /* DYZBTests.xctest */,
				2A43D4E3288904D700F85109 /* DYZBUITests.xctest */,
			);
			name = Products;
			sourceTree = "<group>";
		};
		2A43D4C5288904D400F85109 /* DYZB */ = {
			isa = PBXGroup;
			children = (
				2A43D4C6288904D400F85109 /* AppDelegate.swift */,
				2A43D4C8288904D400F85109 /* SceneDelegate.swift */,
				2A43D4CA288904D400F85109 /* ViewController.swift */,
				2A43D4CC288904D400F85109 /* Main.storyboard */,
				2A43D4CF288904D700F85109 /* Assets.xcassets */,
				2A43D4D1288904D700F85109 /* LaunchScreen.storyboard */,
				2A43D4D4288904D700F85109 /* Info.plist */,
			);
			path = DYZB;
			sourceTree = "<group>";
		};
		2A43D4DC288904D700F85109 /* DYZBTests */ = {
			isa = PBXGroup;
			children = (
				2A43D4DD288904D700F85109 /* DYZBTests.swift */,
			);
			path = DYZBTests;
			sourceTree = "<group>";
		};
		2A43D4E6288904D700F85109 /* DYZBUITests */ = {
			isa = PBXGroup;
			children = (
				2A43D4E7288904D700F85109 /* DYZBUITests.swift */,
				2A43D4E9288904D700F85109 /* DYZBUITestsLaunchTests.swift */,
			);
			path = DYZBUITests;
			sourceTree = "<group>";
		};
/* End PBXGroup section */

/* Begin PBXNativeTarget section */
		2A43D4C2288904D400F85109 /* DYZB */ = {
			isa = PBXNativeTarget;
			buildConfigurationList = 2A43D4ED288904D700F85109 /* Build configuration list for PBXNativeTarget "DYZB" */;
			buildPhases = (
				2A43D4BF288904D400F85109 /* Sources */,
				2A43D4C0288904D400F85109 /* Frameworks */,
				2A43D4C1288904D400F85109 /* Resources */,
			);
			buildRules = (
			);
			dependencies = (
			);
			name = DYZB;
			productName = DYZB;
			productReference = 2A43D4C3288904D400F85109 /* DYZB.app */;
			productType = "com.apple.product-type.application";
		};
		2A43D4D8288904D700F85109 /* DYZBTests */ = {
			isa = PBXNativeTarget;
			buildConfigurationList = 2A43D4F0288904D700F85109 /* Build configuration list for PBXNativeTarget "DYZBTests" */;
			buildPhases = (
				2A43D4D5288904D700F85109 /* Sources */,
				2A43D4D6288904D700F85109 /* Frameworks */,
				2A43D4D7288904D700F85109 /* Resources */,
			);
			buildRules = (
			);
			dependencies = (
				2A43D4DB288904D700F85109 /* PBXTargetDependency */,
			);
			name = DYZBTests;
			productName = DYZBTests;
			productReference = 2A43D4D9288904D700F85109 /* DYZBTests.xctest */;
			productType = "com.apple.product-type.bundle.unit-test";
		};
		2A43D4E2288904D700F85109 /* DYZBUITests */ = {
			isa = PBXNativeTarget;
			buildConfigurationList = 2A43D4F3288904D700F85109 /* Build configuration list for PBXNativeTarget "DYZBUITests" */;
			buildPhases = (
				2A43D4DF288904D700F85109 /* Sources */,
				2A43D4E0288904D700F85109 /* Frameworks */,
				2A43D4E1288904D700F85109 /* Resources */,
			);
			buildRules = (
			);
			dependencies = (
				2A43D4E5288904D700F85109 /* PBXTargetDependency */,
			);
			name = DYZBUITests;
			productName = DYZBUITests;
			productReference = 2A43D4E3288904D700F85109 /* DYZBUITests.xctest */;
			productType = "com.apple.product-type.bundle.ui-testing";
		};
/* End PBXNativeTarget section */

/* Begin PBXProject section */
		2A43D4BB288904D400F85109 /* Project object */ = {
			isa = PBXProject;
			attributes = {
				BuildIndependentTargetsInParallel = 1;
				LastSwiftUpdateCheck = 1340;
				LastUpgradeCheck = 1340;
				TargetAttributes = {
					2A43D4C2288904D400F85109 = {
						CreatedOnToolsVersion = 13.4.1;
					};
					2A43D4D8288904D700F85109 = {
						CreatedOnToolsVersion = 13.4.1;
						TestTargetID = 2A43D4C2288904D400F85109;
					};
					2A43D4E2288904D700F85109 = {
						CreatedOnToolsVersion = 13.4.1;
						TestTargetID = 2A43D4C2288904D400F85109;
					};
				};
			};
			buildConfigurationList = 2A43D4BE288904D400F85109 /* Build configuration list for PBXProject "DYZB" */;
			compatibilityVersion = "Xcode 13.0";
			developmentRegion = en;
			hasScannedForEncodings = 0;
			knownRegions = (
				en,
				Base,
			);
			mainGroup = 2A43D4BA288904D400F85109;
			productRefGroup = 2A43D4C4288904D400F85109 /* Products */;
			projectDirPath = "";
			projectRoot = "";
			targets = (
				2A43D4C2288904D400F85109 /* DYZB */,
				2A43D4D8288904D700F85109 /* DYZBTests */,
				2A43D4E2288904D700F85109 /* DYZBUITests */,
			);
		};
/* End PBXProject section */

/* Begin PBXResourcesBuildPhase section */
		2A43D4C1288904D400F85109 /* Resources */ = {
			isa = PBXResourcesBuildPhase;
			buildActionMask = 2147483647;
			files = (
				2A43D4D3288904D700F85109 /* LaunchScreen.storyboard in Resources */,
				2A43D4D0288904D700F85109 /* Assets.xcassets in Resources */,
				2A43D4CE288904D400F85109 /* Main.storyboard in Resources */,
			);
			runOnlyForDeploymentPostprocessing = 0;
		};
		2A43D4D7288904D700F85109 /* Resources */ = {
			isa = PBXResourcesBuildPhase;
			buildActionMask = 2147483647;
			files = (
			);
			runOnlyForDeploymentPostprocessing = 0;
		};
		2A43D4E1288904D700F85109 /* Resources */ = {
			isa = PBXResourcesBuildPhase;
			buildActionMask = 2147483647;
			files = (
			);
			runOnlyForDeploymentPostprocessing = 0;
		};
/* End PBXResourcesBuildPhase section */

/* Begin PBXSourcesBuildPhase section */
		2A43D4BF288904D400F85109 /* Sources */ = {
			isa = PBXSourcesBuildPhase;
			buildActionMask = 2147483647;
			files = (
				2A43D4CB288904D400F85109 /* ViewController.swift in Sources */,
				2A43D4C7288904D400F85109 /* AppDelegate.swift in Sources */,
				2A43D4C9288904D400F85109 /* SceneDelegate.swift in Sources */,
			);
			runOnlyForDeploymentPostprocessing = 0;
		};
		2A43D4D5288904D700F85109 /* Sources */ = {
			isa = PBXSourcesBuildPhase;
			buildActionMask = 2147483647;
			files = (
				2A43D4DE288904D700F85109 /* DYZBTests.swift in Sources */,
			);
			runOnlyForDeploymentPostprocessing = 0;
		};
		2A43D4DF288904D700F85109 /* Sources */ = {
			isa = PBXSourcesBuildPhase;
			buildActionMask = 2147483647;
			files = (
				2A43D4E8288904D700F85109 /* DYZBUITests.swift in Sources */,
				2A43D4EA288904D700F85109 /* DYZBUITestsLaunchTests.swift in Sources */,
			);
			runOnlyForDeploymentPostprocessing = 0;
		};
/* End PBXSourcesBuildPhase section */

/* Begin PBXTargetDependency section */
		2A43D4DB288904D700F85109 /* PBXTargetDependency */ = {
			isa = PBXTargetDependency;
			target = 2A43D4C2288904D400F85109 /* DYZB */;
			targetProxy = 2A43D4DA288904D700F85109 /* PBXContainerItemProxy */;
		};
		2A43D4E5288904D700F85109 /* PBXTargetDependency */ = {
			isa = PBXTargetDependency;
			target = 2A43D4C2288904D400F85109 /* DYZB */;
			targetProxy = 2A43D4E4288904D700F85109 /* PBXContainerItemProxy */;
		};
/* End PBXTargetDependency section */

/* Begin PBXVariantGroup section */
		2A43D4CC288904D400F85109 /* Main.storyboard */ = {
			isa = PBXVariantGroup;
			children = (
				2A43D4CD288904D400F85109 /* Base */,
			);
			name = Main.storyboard;
			sourceTree = "<group>";
		};
		2A43D4D1288904D700F85109 /* LaunchScreen.storyboard */ = {
			isa = PBXVariantGroup;
			children = (
				2A43D4D2288904D700F85109 /* Base */,
			);
			name = LaunchScreen.storyboard;
			sourceTree = "<group>";
		};
/* End PBXVariantGroup section */

/* Begin XCBuildConfiguration section */
		2A43D4EB288904D700F85109 /* Debug */ = {
			isa = XCBuildConfiguration;
			buildSettings = {
				ALWAYS_SEARCH_USER_PATHS = NO;
				CLANG_ANALYZER_NONNULL = YES;
				CLANG_ANALYZER_NUMBER_OBJECT_CONVERSION = YES_AGGRESSIVE;
				CLANG_CXX_LANGUAGE_STANDARD = "gnu++17";
				CLANG_ENABLE_MODULES = YES;
				CLANG_ENABLE_OBJC_ARC = YES;
				CLANG_ENABLE_OBJC_WEAK = YES;
				CLANG_WARN_BLOCK_CAPTURE_AUTORELEASING = YES;
				CLANG_WARN_BOOL_CONVERSION = YES;
				CLANG_WARN_COMMA = YES;
				CLANG_WARN_CONSTANT_CONVERSION = YES;
				CLANG_WARN_DEPRECATED_OBJC_IMPLEMENTATIONS = YES;
				CLANG_WARN_DIRECT_OBJC_ISA_USAGE = YES_ERROR;
				CLANG_WARN_DOCUMENTATION_COMMENTS = YES;
				CLANG_WARN_EMPTY_BODY = YES;
				CLANG_WARN_ENUM_CONVERSION = YES;
				CLANG_WARN_INFINITE_RECURSION = YES;
				CLANG_WARN_INT_CONVERSION = YES;
				CLANG_WARN_NON_LITERAL_NULL_CONVERSION = YES;
				CLANG_WARN_OBJC_IMPLICIT_RETAIN_SELF = YES;
				CLANG_WARN_OBJC_LITERAL_CONVERSION = YES;
				CLANG_WARN_OBJC_ROOT_CLASS = YES_ERROR;
				CLANG_WARN_QUOTED_INCLUDE_IN_FRAMEWORK_HEADER = YES;
				CLANG_WARN_RANGE_LOOP_ANALYSIS = YES;
				CLANG_WARN_STRICT_PROTOTYPES = YES;
				CLANG_WARN_SUSPICIOUS_MOVE = YES;
				CLANG_WARN_UNGUARDED_AVAILABILITY = YES_AGGRESSIVE;
				CLANG_WARN_UNREACHABLE_CODE = YES;
				CLANG_WARN__DUPLICATE_METHOD_MATCH = YES;
				COPY_PHASE_STRIP = NO;
				DEBUG_INFORMATION_FORMAT = dwarf;
				ENABLE_STRICT_OBJC_MSGSEND = YES;
				ENABLE_TESTABILITY = YES;
				GCC_C_LANGUAGE_STANDARD = gnu11;
				GCC_DYNAMIC_NO_PIC = NO;
				GCC_NO_COMMON_BLOCKS = YES;
				GCC_OPTIMIZATION_LEVEL = 0;
				GCC_PREPROCESSOR_DEFINITIONS = (
					"DEBUG=1",
					"$(inherited)",
				);
				GCC_WARN_64_TO_32_BIT_CONVERSION = YES;
				GCC_WARN_ABOUT_RETURN_TYPE = YES_ERROR;
				GCC_WARN_UNDECLARED_SELECTOR = YES;
				GCC_WARN_UNINITIALIZED_AUTOS = YES_AGGRESSIVE;
				GCC_WARN_UNUSED_FUNCTION = YES;
				GCC_WARN_UNUSED_VARIABLE = YES;
				IPHONEOS_DEPLOYMENT_TARGET = 15.5;
				MTL_ENABLE_DEBUG_INFO = INCLUDE_SOURCE;
				MTL_FAST_MATH = YES;
				ONLY_ACTIVE_ARCH = YES;
				SDKROOT = iphoneos;
				SWIFT_ACTIVE_COMPILATION_CONDITIONS = DEBUG;
				SWIFT_OPTIMIZATION_LEVEL = "-Onone";
			};
			name = Debug;
		};
		2A43D4EC288904D700F85109 /* Release */ = {
			isa = XCBuildConfiguration;
			buildSettings = {
				ALWAYS_SEARCH_USER_PATHS = NO;
				CLANG_ANALYZER_NONNULL = YES;
				CLANG_ANALYZER_NUMBER_OBJECT_CONVERSION = YES_AGGRESSIVE;
				CLANG_CXX_LANGUAGE_STANDARD = "gnu++17";
				CLANG_ENABLE_MODULES = YES;
				CLANG_ENABLE_OBJC_ARC = YES;
				CLANG_ENABLE_OBJC_WEAK = YES;
				CLANG_WARN_BLOCK_CAPTURE_AUTORELEASING = YES;
				CLANG_WARN_BOOL_CONVERSION = YES;
				CLANG_WARN_COMMA = YES;
				CLANG_WARN_CONSTANT_CONVERSION = YES;
				CLANG_WARN_DEPRECATED_OBJC_IMPLEMENTATIONS = YES;
				CLANG_WARN_DIRECT_OBJC_ISA_USAGE = YES_ERROR;
				CLANG_WARN_DOCUMENTATION_COMMENTS = YES;
				CLANG_WARN_EMPTY_BODY = YES;
				CLANG_WARN_ENUM_CONVERSION = YES;
				CLANG_WARN_INFINITE_RECURSION = YES;
				CLANG_WARN_INT_CONVERSION = YES;
				CLANG_WARN_NON_LITERAL_NULL_CONVERSION = YES;
				CLANG_WARN_OBJC_IMPLICIT_RETAIN_SELF = YES;
				CLANG_WARN_OBJC_LITERAL_CONVERSION = YES;
				CLANG_WARN_OBJC_ROOT_CLASS = YES_ERROR;
				CLANG_WARN_QUOTED_INCLUDE_IN_FRAMEWORK_HEADER = YES;
				CLANG_WARN_RANGE_LOOP_ANALYSIS = YES;
				CLANG_WARN_STRICT_PROTOTYPES = YES;
				CLANG_WARN_SUSPICIOUS_MOVE = YES;
				CLANG_WARN_UNGUARDED_AVAILABILITY = YES_AGGRESSIVE;
				CLANG_WARN_UNREACHABLE_CODE = YES;
				CLANG_WARN__DUPLICATE_METHOD_MATCH = YES;
				COPY_PHASE_STRIP = NO;
				DEBUG_INFORMATION_FORMAT = "dwarf-with-dsym";
				ENABLE_NS_ASSERTIONS = NO;
				ENABLE_STRICT_OBJC_MSGSEND = YES;
				GCC_C_LANGUAGE_STANDARD = gnu11;
				GCC_NO_COMMON_BLOCKS = YES;
				GCC_WARN_64_TO_32_BIT_CONVERSION = YES;
				GCC_WARN_ABOUT_RETURN_TYPE = YES_ERROR;
				GCC_WARN_UNDECLARED_SELECTOR = YES;
				GCC_WARN_UNINITIALIZED_AUTOS = YES_AGGRESSIVE;
				GCC_WARN_UNUSED_FUNCTION = YES;
				GCC_WARN_UNUSED_VARIABLE = YES;
				IPHONEOS_DEPLOYMENT_TARGET = 15.5;
				MTL_ENABLE_DEBUG_INFO = NO;
				MTL_FAST_MATH = YES;
				SDKROOT = iphoneos;
				SWIFT_COMPILATION_MODE = wholemodule;
				SWIFT_OPTIMIZATION_LEVEL = "-O";
				VALIDATE_PRODUCT = YES;
			};
			name = Release;
		};
		2A43D4EE288904D700F85109 /* Debug */ = {
			isa = XCBuildConfiguration;
			buildSettings = {
				ASSETCATALOG_COMPILER_APPICON_NAME = AppIcon;
				ASSETCATALOG_COMPILER_GLOBAL_ACCENT_COLOR_NAME = AccentColor;
				CODE_SIGN_STYLE = Automatic;
				CURRENT_PROJECT_VERSION = 1;
				DEVELOPMENT_TEAM = 2WK43PE3BR;
				GENERATE_INFOPLIST_FILE = YES;
				INFOPLIST_FILE = DYZB/Info.plist;
				INFOPLIST_KEY_UIApplicationSupportsIndirectInputEvents = YES;
				INFOPLIST_KEY_UILaunchStoryboardName = LaunchScreen;
				INFOPLIST_KEY_UIMainStoryboardFile = Main;
				INFOPLIST_KEY_UISupportedInterfaceOrientations_iPad = "UIInterfaceOrientationPortrait UIInterfaceOrientationPortraitUpsideDown UIInterfaceOrientationLandscapeLeft UIInterfaceOrientationLandscapeRight";
				INFOPLIST_KEY_UISupportedInterfaceOrientations_iPhone = "UIInterfaceOrientationPortrait UIInterfaceOrientationLandscapeLeft UIInterfaceOrientationLandscapeRight";
				LD_RUNPATH_SEARCH_PATHS = (
					"$(inherited)",
					"@executable_path/Frameworks",
				);
				MARKETING_VERSION = 1.0;
				PRODUCT_BUNDLE_IDENTIFIER = com.reneboy.DYZB;
				PRODUCT_NAME = "$(TARGET_NAME)";
				SWIFT_EMIT_LOC_STRINGS = YES;
				SWIFT_VERSION = 5.0;
				TARGETED_DEVICE_FAMILY = "1,2";
			};
			name = Debug;
		};
		2A43D4EF288904D700F85109 /* Release */ = {
			isa = XCBuildConfiguration;
			buildSettings = {
				ASSETCATALOG_COMPILER_APPICON_NAME = AppIcon;
				ASSETCATALOG_COMPILER_GLOBAL_ACCENT_COLOR_NAME = AccentColor;
				CODE_SIGN_STYLE = Automatic;
				CURRENT_PROJECT_VERSION = 1;
				DEVELOPMENT_TEAM = 2WK43PE3BR;
				GENERATE_INFOPLIST_FILE = YES;
				INFOPLIST_FILE = DYZB/Info.plist;
				INFOPLIST_KEY_UIApplicationSupportsIndirectInputEvents = YES;
				INFOPLIST_KEY_UILaunchStoryboardName = LaunchScreen;
				INFOPLIST_KEY_UIMainStoryboardFile = Main;
				INFOPLIST_KEY_UISupportedInterfaceOrientations_iPad = "UIInterfaceOrientationPortrait UIInterfaceOrientationPortraitUpsideDown UIInterfaceOrientationLandscapeLeft UIInterfaceOrientationLandscapeRight";
				INFOPLIST_KEY_UISupportedInterfaceOrientations_iPhone = "UIInterfaceOrientationPortrait UIInterfaceOrientationLandscapeLeft UIInterfaceOrientationLandscapeRight";
				LD_RUNPATH_SEARCH_PATHS = (
					"$(inherited)",
					"@executable_path/Frameworks",
				);
				MARKETING_VERSION = 1.0;
				PRODUCT_BUNDLE_IDENTIFIER = com.reneboy.DYZB;
				PRODUCT_NAME = "$(TARGET_NAME)";
				SWIFT_EMIT_LOC_STRINGS = YES;
				SWIFT_VERSION = 5.0;
				TARGETED_DEVICE_FAMILY = "1,2";
			};
			name = Release;
		};
		2A43D4F1288904D700F85109 /* Debug */ = {
			isa = XCBuildConfiguration;
			buildSettings = {
				ALWAYS_EMBED_SWIFT_STANDARD_LIBRARIES = YES;
				BUNDLE_LOADER = "$(TEST_HOST)";
				CODE_SIGN_STYLE = Automatic;
				CURRENT_PROJECT_VERSION = 1;
				DEVELOPMENT_TEAM = 2WK43PE3BR;
				GENERATE_INFOPLIST_FILE = YES;
				IPHONEOS_DEPLOYMENT_TARGET = 15.5;
				MARKETING_VERSION = 1.0;
				PRODUCT_BUNDLE_IDENTIFIER = com.reneboy.DYZBTests;
				PRODUCT_NAME = "$(TARGET_NAME)";
				SWIFT_EMIT_LOC_STRINGS = NO;
				SWIFT_VERSION = 5.0;
				TARGETED_DEVICE_FAMILY = "1,2";
				TEST_HOST = "$(BUILT_PRODUCTS_DIR)/DYZB.app/DYZB";
			};
			name = Debug;
		};
		2A43D4F2288904D700F85109 /* Release */ = {
			isa = XCBuildConfiguration;
			buildSettings = {
				ALWAYS_EMBED_SWIFT_STANDARD_LIBRARIES = YES;
				BUNDLE_LOADER = "$(TEST_HOST)";
				CODE_SIGN_STYLE = Automatic;
				CURRENT_PROJECT_VERSION = 1;
				DEVELOPMENT_TEAM = 2WK43PE3BR;
				GENERATE_INFOPLIST_FILE = YES;
				IPHONEOS_DEPLOYMENT_TARGET = 15.5;
				MARKETING_VERSION = 1.0;
				PRODUCT_BUNDLE_IDENTIFIER = com.reneboy.DYZBTests;
				PRODUCT_NAME = "$(TARGET_NAME)";
				SWIFT_EMIT_LOC_STRINGS = NO;
				SWIFT_VERSION = 5.0;
				TARGETED_DEVICE_FAMILY = "1,2";
				TEST_HOST = "$(BUILT_PRODUCTS_DIR)/DYZB.app/DYZB";
			};
			name = Release;
		};
		2A43D4F4288904D700F85109 /* Debug */ = {
			isa = XCBuildConfiguration;
			buildSettings = {
				ALWAYS_EMBED_SWIFT_STANDARD_LIBRARIES = YES;
				CODE_SIGN_STYLE = Automatic;
				CURRENT_PROJECT_VERSION = 1;
				DEVELOPMENT_TEAM = 2WK43PE3BR;
				GENERATE_INFOPLIST_FILE = YES;
				MARKETING_VERSION = 1.0;
				PRODUCT_BUNDLE_IDENTIFIER = com.reneboy.DYZBUITests;
				PRODUCT_NAME = "$(TARGET_NAME)";
				SWIFT_EMIT_LOC_STRINGS = NO;
				SWIFT_VERSION = 5.0;
				TARGETED_DEVICE_FAMILY = "1,2";
				TEST_TARGET_NAME = DYZB;
			};
			name = Debug;
		};
		2A43D4F5288904D700F85109 /* Release */ = {
			isa = XCBuildConfiguration;
			buildSettings = {
				ALWAYS_EMBED_SWIFT_STANDARD_LIBRARIES = YES;
				CODE_SIGN_STYLE = Automatic;
				CURRENT_PROJECT_VERSION = 1;
				DEVELOPMENT_TEAM = 2WK43PE3BR;
				GENERATE_INFOPLIST_FILE = YES;
				MARKETING_VERSION = 1.0;
				PRODUCT_BUNDLE_IDENTIFIER = com.reneboy.DYZBUITests;
				PRODUCT_NAME = "$(TARGET_NAME)";
				SWIFT_EMIT_LOC_STRINGS = NO;
				SWIFT_VERSION = 5.0;
				TARGETED_DEVICE_FAMILY = "1,2";
				TEST_TARGET_NAME = DYZB;
			};
			name = Release;
		};
/* End XCBuildConfiguration section */

/* Begin XCConfigurationList section */
		2A43D4BE288904D400F85109 /* Build configuration list for PBXProject "DYZB" */ = {
			isa = XCConfigurationList;
			buildConfigurations = (
				2A43D4EB288904D700F85109 /* Debug */,
				2A43D4EC288904D700F85109 /* Release */,
			);
			defaultConfigurationIsVisible = 0;
			defaultConfigurationName = Release;
		};
		2A43D4ED288904D700F85109 /* Build configuration list for PBXNativeTarget "DYZB" */ = {
			isa = XCConfigurationList;
			buildConfigurations = (
				2A43D4EE288904D700F85109 /* Debug */,
				2A43D4EF288904D700F85109 /* Release */,
			);
			defaultConfigurationIsVisible = 0;
			defaultConfigurationName = Release;
		};
		2A43D4F0288904D700F85109 /* Build configuration list for PBXNativeTarget "DYZBTests" */ = {
			isa = XCConfigurationList;
			buildConfigurations = (
				2A43D4F1288904D700F85109 /* Debug */,
				2A43D4F2288904D700F85109 /* Release */,
			);
			defaultConfigurationIsVisible = 0;
			defaultConfigurationName = Release;
		};
		2A43D4F3288904D700F85109 /* Build configuration list for PBXNativeTarget "DYZBUITests" */ = {
			isa = XCConfigurationList;
			buildConfigurations = (
				2A43D4F4288904D700F85109 /* Debug */,
				2A43D4F5288904D700F85109 /* Release */,
			);
			defaultConfigurationIsVisible = 0;
			defaultConfigurationName = Release;
		};
/* End XCConfigurationList section */
	};
	rootObject = 2A43D4BB288904D400F85109 /* Project object */;
}
